
Microsoft Visual Studio Solution File, Format Version 12.00
# Visual Studio Version 16
VisualStudioVersion = 16.0.31205.134
MinimumVisualStudioVersion = 10.0.40219.1
Project("{9A19103F-16F7-4668-BE54-9A1E7A4F7556}") = "Introduction", "Introduction\Introduction.csproj", "{4F3FBF3D-170E-460A-AF3E-BD8BED126A2D}"
EndProject
Project("{9A19103F-16F7-4668-BE54-9A1E7A4F7556}") = "Features", "Features\Features.csproj", "{F1775668-B7E8-4ED3-99DA-B65DA84BA65A}"
EndProject
Project("{9A19103F-16F7-4668-BE54-9A1E7A4F7556}") = "Sandbox", "Sandbox\Sandbox.csproj", "{EE9C3DFA-4049-49AB-A059-664AB80D9DD9}"
EndProject
Project("{FAE04EC0-301F-11D3-BF4B-00C04F79EFBC}") = "Queries", "Queries\Queries.csproj", "{3B4F7ED0-A528-415E-9757-A14EDCD46563}"
EndProject
Project("{FAE04EC0-301F-11D3-BF4B-00C04F79EFBC}") = "Cars", "Cars\Cars.csproj", "{61DFCC0C-187B-4529-BEE6-38C6C27C7FB8}"
EndProject
Global
	GlobalSection(SolutionConfigurationPlatforms) = preSolution
		Debug|Any CPU = Debug|Any CPU
		Release|Any CPU = Release|Any CPU
	EndGlobalSection
	GlobalSection(ProjectConfigurationPlatforms) = postSolution
		{4F3FBF3D-170E-460A-AF3E-BD8BED126A2D}.Debug|Any CPU.ActiveCfg = Debug|Any CPU
		{4F3FBF3D-170E-460A-AF3E-BD8BED126A2D}.Debug|Any CPU.Build.0 = Debug|Any CPU
		{4F3FBF3D-170E-460A-AF3E-BD8BED126A2D}.Release|Any CPU.ActiveCfg = Release|Any CPU
		{4F3FBF3D-170E-460A-AF3E-BD8BED126A2D}.Release|Any CPU.Build.0 = Release|Any CPU
		{F1775668-B7E8-4ED3-99DA-B65DA84BA65A}.Debug|Any CPU.ActiveCfg = Debug|Any CPU
		{F1775668-B7E8-4ED3-99DA-B65DA84BA65A}.Debug|Any CPU.Build.0 = Debug|Any CPU
		{F1775668-B7E8-4ED3-99DA-B65DA84BA65A}.Release|Any CPU.ActiveCfg = Release|Any CPU
		{F1775668-B7E8-4ED3-99DA-B65DA84BA65A}.Release|Any CPU.Build.0 = Release|Any CPU
		{EE9C3DFA-4049-49AB-A059-664AB80D9DD9}.Debug|Any CPU.ActiveCfg = Debug|Any CPU
		{EE9C3DFA-4049-49AB-A059-664AB80D9DD9}.Debug|Any CPU.Build.0 = Debug|Any CPU
		{EE9C3DFA-4049-49AB-A059-664AB80D9DD9}.Release|Any CPU.ActiveCfg = Release|Any CPU
		{EE9C3DFA-4049-49AB-A059-664AB80D9DD9}.Release|Any CPU.Build.0 = Release|Any CPU
		{3B4F7ED0-A528-415E-9757-A14EDCD46563}.Debug|Any CPU.ActiveCfg = Debug|Any CPU
		{3B4F7ED0-A528-415E-9757-A14EDCD46563}.Debug|Any CPU.Build.0 = Debug|Any CPU
		{3B4F7ED0-A528-415E-9757-A14EDCD46563}.Release|Any CPU.ActiveCfg = Release|Any CPU
		{3B4F7ED0-A528-415E-9757-A14EDCD46563}.Release|Any CPU.Build.0 = Release|Any CPU
		{61DFCC0C-187B-4529-BEE6-38C6C27C7FB8}.Debug|Any CPU.ActiveCfg = Debug|Any CPU
		{61DFCC0C-187B-4529-BEE6-38C6C27C7FB8}.Debug|Any CPU.Build.0 = Debug|Any CPU
		{61DFCC0C-187B-4529-BEE6-38C6C27C7FB8}.Release|Any CPU.ActiveCfg = Release|Any CPU
		{61DFCC0C-187B-4529-BEE6-38C6C27C7FB8}.Release|Any CPU.Build.0 = Release|Any CPU
	EndGlobalSection
	GlobalSection(SolutionProperties) = preSolution
		HideSolutionNode = FALSE
	EndGlobalSection
	GlobalSection(ExtensibilityGlobals) = postSolution
		SolutionGuid = {97D15CBF-F25B-4C60-8BB2-E6A4F55648F5}
	EndGlobalSection
EndGlobal
